// !$*UTF8*$!
{
	archiveVersion = 1;
	classes = {
	};
	objectVersion = 51;
	objects = {

/* Begin PBXBuildFile section */
		5D0F56B34C515145CE6037E6 /* libPods-YXProbabilityTest.a in Frameworks */ = {isa = PBXBuildFile; fileRef = 1C863F9893EE76AD606A8AC9 /* libPods-YXProbabilityTest.a */; };
		841518F824B2EB3900EA8B9B /* YXProbabilityRequest.m in Sources */ = {isa = PBXBuildFile; fileRef = 841518F724B2EB3900EA8B9B /* YXProbabilityRequest.m */; };
		8415190C24B2ED0B00EA8B9B /* HttpRequestManager.m in Sources */ = {isa = PBXBuildFile; fileRef = 8415190824B2ED0B00EA8B9B /* HttpRequestManager.m */; };
		845B87DD24D804F800944062 /* YXProbabilityStatisticalVC.m in Sources */ = {isa = PBXBuildFile; fileRef = 845B87B724D804F800944062 /* YXProbabilityStatisticalVC.m */; };
		845B87DE24D804F800944062 /* YXPieChartLineGraphicsView.m in Sources */ = {isa = PBXBuildFile; fileRef = 845B87B924D804F800944062 /* YXPieChartLineGraphicsView.m */; };
		845B87DF24D804F800944062 /* YXPieChartLineGraphicsCenterView.m in Sources */ = {isa = PBXBuildFile; fileRef = 845B87BD24D804F800944062 /* YXPieChartLineGraphicsCenterView.m */; };
		845B87E024D804F800944062 /* YXPieChartLineGraphicsModel.m in Sources */ = {isa = PBXBuildFile; fileRef = 845B87BE24D804F800944062 /* YXPieChartLineGraphicsModel.m */; };
		845B87E124D804F800944062 /* NSObject+YXCategory.m in Sources */ = {isa = PBXBuildFile; fileRef = 845B87C124D804F800944062 /* NSObject+YXCategory.m */; };
		845B87E224D804F800944062 /* YXProbabilityStatisticalHeaderView.m in Sources */ = {isa = PBXBuildFile; fileRef = 845B87C224D804F800944062 /* YXProbabilityStatisticalHeaderView.m */; };
		845B87E324D804F800944062 /* ViewController.m in Sources */ = {isa = PBXBuildFile; fileRef = 845B87C424D804F800944062 /* ViewController.m */; };
		845B87E424D804F800944062 /* YXProbabilityRandomHeaderView.xib in Resources */ = {isa = PBXBuildFile; fileRef = 845B87C824D804F800944062 /* YXProbabilityRandomHeaderView.xib */; };
		845B87E524D804F800944062 /* YXProbabilityRandomVC.m in Sources */ = {isa = PBXBuildFile; fileRef = 845B87C924D804F800944062 /* YXProbabilityRandomVC.m */; };
		845B87E624D804F800944062 /* YXProbabilityRandomHeaderView.m in Sources */ = {isa = PBXBuildFile; fileRef = 845B87CA24D804F800944062 /* YXProbabilityRandomHeaderView.m */; };
		845B87E724D804F800944062 /* YXProbabilityAllHeaderView.xib in Resources */ = {isa = PBXBuildFile; fileRef = 845B87CF24D804F800944062 /* YXProbabilityAllHeaderView.xib */; };
		845B87E824D804F800944062 /* YXProbabilitySecHeaderView.m in Sources */ = {isa = PBXBuildFile; fileRef = 845B87D024D804F800944062 /* YXProbabilitySecHeaderView.m */; };
		845B87E924D804F800944062 /* YXProbabilitySecHeaderView.xib in Resources */ = {isa = PBXBuildFile; fileRef = 845B87D224D804F800944062 /* YXProbabilitySecHeaderView.xib */; };
		845B87EA24D804F800944062 /* YXProbabilityAllHeaderView.m in Sources */ = {isa = PBXBuildFile; fileRef = 845B87D424D804F800944062 /* YXProbabilityAllHeaderView.m */; };
		845B87EB24D804F800944062 /* YXProbabilityCollectionViewCell.xib in Resources */ = {isa = PBXBuildFile; fileRef = 845B87D724D804F800944062 /* YXProbabilityCollectionViewCell.xib */; };
		845B87EC24D804F800944062 /* YXProbabilityAllListCell.xib in Resources */ = {isa = PBXBuildFile; fileRef = 845B87DA24D804F800944062 /* YXProbabilityAllListCell.xib */; };
		845B87ED24D804F800944062 /* YXProbabilityAllListCell.m in Sources */ = {isa = PBXBuildFile; fileRef = 845B87DB24D804F800944062 /* YXProbabilityAllListCell.m */; };
		845B87EE24D804F800944062 /* YXProbabilityCollectionViewCell.m in Sources */ = {isa = PBXBuildFile; fileRef = 845B87DC24D804F800944062 /* YXProbabilityCollectionViewCell.m */; };
		845B87F124D8057500944062 /* YXProbabilityCompareVC.m in Sources */ = {isa = PBXBuildFile; fileRef = 845B87F024D8057500944062 /* YXProbabilityCompareVC.m */; };
		845DF72124FE3F6800D70629 /* YXMinArrAssemblyMananger.m in Sources */ = {isa = PBXBuildFile; fileRef = 845DF72024FE3F6800D70629 /* YXMinArrAssemblyMananger.m */; };
		847FB86D249357C00083A71A /* YXProbabilityManager.m in Sources */ = {isa = PBXBuildFile; fileRef = 847FB869249357BF0083A71A /* YXProbabilityManager.m */; };
		847FB8CA24937E710083A71A /* YXProbabilityListModel.m in Sources */ = {isa = PBXBuildFile; fileRef = 847FB8C924937E710083A71A /* YXProbabilityListModel.m */; };
		847FB8CD24937F5E0083A71A /* YXProbabilityBallInfoModel.m in Sources */ = {isa = PBXBuildFile; fileRef = 847FB8CC24937F5E0083A71A /* YXProbabilityBallInfoModel.m */; };
		84804A5924921D99009F160F /* AppDelegate.m in Sources */ = {isa = PBXBuildFile; fileRef = 84804A5824921D99009F160F /* AppDelegate.m */; };
		84804A5C24921D99009F160F /* SceneDelegate.m in Sources */ = {isa = PBXBuildFile; fileRef = 84804A5B24921D99009F160F /* SceneDelegate.m */; };
		84804A6224921D99009F160F /* Main.storyboard in Resources */ = {isa = PBXBuildFile; fileRef = 84804A6024921D99009F160F /* Main.storyboard */; };
		84804A6424921D9A009F160F /* Assets.xcassets in Resources */ = {isa = PBXBuildFile; fileRef = 84804A6324921D9A009F160F /* Assets.xcassets */; };
		84804A6724921D9A009F160F /* LaunchScreen.storyboard in Resources */ = {isa = PBXBuildFile; fileRef = 84804A6524921D9A009F160F /* LaunchScreen.storyboard */; };
		84804A6A24921D9A009F160F /* main.m in Sources */ = {isa = PBXBuildFile; fileRef = 84804A6924921D9A009F160F /* main.m */; };
		84804A7424921D9A009F160F /* YXProbabilityTestTests.m in Sources */ = {isa = PBXBuildFile; fileRef = 84804A7324921D9A009F160F /* YXProbabilityTestTests.m */; };
		84804A7F24921D9A009F160F /* YXProbabilityTestUITests.m in Sources */ = {isa = PBXBuildFile; fileRef = 84804A7E24921D9A009F160F /* YXProbabilityTestUITests.m */; };
		84E6A4D324ADD665002ED2B3 /* CoreLocation.framework in Frameworks */ = {isa = PBXBuildFile; fileRef = 84E6A4D224ADD665002ED2B3 /* CoreLocation.framework */; };
		84E6A4D524ADD66E002ED2B3 /* Security.framework in Frameworks */ = {isa = PBXBuildFile; fileRef = 84E6A4D424ADD66E002ED2B3 /* Security.framework */; };
		84E6A4D724ADD676002ED2B3 /* CoreGraphics.framework in Frameworks */ = {isa = PBXBuildFile; fileRef = 84E6A4D624ADD676002ED2B3 /* CoreGraphics.framework */; };
		84E6A4DB24ADD686002ED2B3 /* CFNetwork.framework in Frameworks */ = {isa = PBXBuildFile; fileRef = 84E6A4DA24ADD686002ED2B3 /* CFNetwork.framework */; };
		84E6A4DD24ADD68F002ED2B3 /* CoreTelephony.framework in Frameworks */ = {isa = PBXBuildFile; fileRef = 84E6A4DC24ADD68F002ED2B3 /* CoreTelephony.framework */; };
		84E6A4DF24ADD6A2002ED2B3 /* SystemConfiguration.framework in Frameworks */ = {isa = PBXBuildFile; fileRef = 84E6A4DE24ADD6A2002ED2B3 /* SystemConfiguration.framework */; };
		84E6A4E124ADD6A9002ED2B3 /* libz.1.2.5.tbd in Frameworks */ = {isa = PBXBuildFile; fileRef = 84E6A4E024ADD6A9002ED2B3 /* libz.1.2.5.tbd */; };
		84E6A4E324ADD6B4002ED2B3 /* libicucore.tbd in Frameworks */ = {isa = PBXBuildFile; fileRef = 84E6A4E224ADD6B4002ED2B3 /* libicucore.tbd */; };
		84E6A4E524ADD6C3002ED2B3 /* libsqlite3.tbd in Frameworks */ = {isa = PBXBuildFile; fileRef = 84E6A4E424ADD6C3002ED2B3 /* libsqlite3.tbd */; };
		84E6A4E724ADD6CC002ED2B3 /* AVFoundation.framework in Frameworks */ = {isa = PBXBuildFile; fileRef = 84E6A4E624ADD6CC002ED2B3 /* AVFoundation.framework */; };
		84E6A4E924ADD6D6002ED2B3 /* MediaPlayer.framework in Frameworks */ = {isa = PBXBuildFile; fileRef = 84E6A4E824ADD6D6002ED2B3 /* MediaPlayer.framework */; };
/* End PBXBuildFile section */

/* Begin PBXContainerItemProxy section */
		84804A7024921D9A009F160F /* PBXContainerItemProxy */ = {
			isa = PBXContainerItemProxy;
			containerPortal = 84804A4C24921D98009F160F /* Project object */;
			proxyType = 1;
			remoteGlobalIDString = 84804A5324921D99009F160F;
			remoteInfo = YXProbabilityTest;
		};
		84804A7B24921D9A009F160F /* PBXContainerItemProxy */ = {
			isa = PBXContainerItemProxy;
			containerPortal = 84804A4C24921D98009F160F /* Project object */;
			proxyType = 1;
			remoteGlobalIDString = 84804A5324921D99009F160F;
			remoteInfo = YXProbabilityTest;
		};
/* End PBXContainerItemProxy section */

/* Begin PBXFileReference section */
		1C863F9893EE76AD606A8AC9 /* libPods-YXProbabilityTest.a */ = {isa = PBXFileReference; explicitFileType = archive.ar; includeInIndex = 0; path = "libPods-YXProbabilityTest.a"; sourceTree = BUILT_PRODUCTS_DIR; };
		58D2DE346F9B4E0605237F25 /* Pods-YXProbabilityTest.release.xcconfig */ = {isa = PBXFileReference; includeInIndex = 1; lastKnownFileType = text.xcconfig; name = "Pods-YXProbabilityTest.release.xcconfig"; path = "Target Support Files/Pods-YXProbabilityTest/Pods-YXProbabilityTest.release.xcconfig"; sourceTree = "<group>"; };
		841518F624B2EB3900EA8B9B /* YXProbabilityRequest.h */ = {isa = PBXFileReference; fileEncoding = 4; lastKnownFileType = sourcecode.c.h; path = YXProbabilityRequest.h; sourceTree = "<group>"; };
		841518F724B2EB3900EA8B9B /* YXProbabilityRequest.m */ = {isa = PBXFileReference; fileEncoding = 4; lastKnownFileType = sourcecode.c.objc; path = YXProbabilityRequest.m; sourceTree = "<group>"; };
		8415190024B2ED0B00EA8B9B /* HttpRequestManager.h */ = {isa = PBXFileReference; fileEncoding = 4; lastKnownFileType = sourcecode.c.h; path = HttpRequestManager.h; sourceTree = "<group>"; };
		8415190824B2ED0B00EA8B9B /* HttpRequestManager.m */ = {isa = PBXFileReference; fileEncoding = 4; lastKnownFileType = sourcecode.c.objc; path = HttpRequestManager.m; sourceTree = "<group>"; };
		845B87B624D804F800944062 /* YXProbabilityStatisticalHeaderView.h */ = {isa = PBXFileReference; fileEncoding = 4; lastKnownFileType = sourcecode.c.h; path = YXProbabilityStatisticalHeaderView.h; sourceTree = "<group>"; };
		845B87B724D804F800944062 /* YXProbabilityStatisticalVC.m */ = {isa = PBXFileReference; fileEncoding = 4; lastKnownFileType = sourcecode.c.objc; path = YXProbabilityStatisticalVC.m; sourceTree = "<group>"; };
		845B87B924D804F800944062 /* YXPieChartLineGraphicsView.m */ = {isa = PBXFileReference; fileEncoding = 4; lastKnownFileType = sourcecode.c.objc; path = YXPieChartLineGraphicsView.m; sourceTree = "<group>"; };
		845B87BA24D804F800944062 /* YXPieChartLineGraphicsModel.h */ = {isa = PBXFileReference; fileEncoding = 4; lastKnownFileType = sourcecode.c.h; path = YXPieChartLineGraphicsModel.h; sourceTree = "<group>"; };
		845B87BB24D804F800944062 /* YXPieChartLineGraphicsCenterView.h */ = {isa = PBXFileReference; fileEncoding = 4; lastKnownFileType = sourcecode.c.h; path = YXPieChartLineGraphicsCenterView.h; sourceTree = "<group>"; };
		845B87BC24D804F800944062 /* YXPieChartLineGraphicsView.h */ = {isa = PBXFileReference; fileEncoding = 4; lastKnownFileType = sourcecode.c.h; path = YXPieChartLineGraphicsView.h; sourceTree = "<group>"; };
		845B87BD24D804F800944062 /* YXPieChartLineGraphicsCenterView.m */ = {isa = PBXFileReference; fileEncoding = 4; lastKnownFileType = sourcecode.c.objc; path = YXPieChartLineGraphicsCenterView.m; sourceTree = "<group>"; };
		845B87BE24D804F800944062 /* YXPieChartLineGraphicsModel.m */ = {isa = PBXFileReference; fileEncoding = 4; lastKnownFileType = sourcecode.c.objc; path = YXPieChartLineGraphicsModel.m; sourceTree = "<group>"; };
		845B87C024D804F800944062 /* NSObject+YXCategory.h */ = {isa = PBXFileReference; fileEncoding = 4; lastKnownFileType = sourcecode.c.h; path = "NSObject+YXCategory.h"; sourceTree = "<group>"; };
		845B87C124D804F800944062 /* NSObject+YXCategory.m */ = {isa = PBXFileReference; fileEncoding = 4; lastKnownFileType = sourcecode.c.objc; path = "NSObject+YXCategory.m"; sourceTree = "<group>"; };
		845B87C224D804F800944062 /* YXProbabilityStatisticalHeaderView.m */ = {isa = PBXFileReference; fileEncoding = 4; lastKnownFileType = sourcecode.c.objc; path = YXProbabilityStatisticalHeaderView.m; sourceTree = "<group>"; };
		845B87C324D804F800944062 /* YXProbabilityStatisticalVC.h */ = {isa = PBXFileReference; fileEncoding = 4; lastKnownFileType = sourcecode.c.h; path = YXProbabilityStatisticalVC.h; sourceTree = "<group>"; };
		845B87C424D804F800944062 /* ViewController.m */ = {isa = PBXFileReference; fileEncoding = 4; lastKnownFileType = sourcecode.c.objc; path = ViewController.m; sourceTree = "<group>"; };
		845B87C624D804F800944062 /* YXProbabilityRandomHeaderView.h */ = {isa = PBXFileReference; fileEncoding = 4; lastKnownFileType = sourcecode.c.h; path = YXProbabilityRandomHeaderView.h; sourceTree = "<group>"; };
		845B87C724D804F800944062 /* YXProbabilityRandomVC.h */ = {isa = PBXFileReference; fileEncoding = 4; lastKnownFileType = sourcecode.c.h; path = YXProbabilityRandomVC.h; sourceTree = "<group>"; };
		845B87C824D804F800944062 /* YXProbabilityRandomHeaderView.xib */ = {isa = PBXFileReference; fileEncoding = 4; lastKnownFileType = file.xib; path = YXProbabilityRandomHeaderView.xib; sourceTree = "<group>"; };
		845B87C924D804F800944062 /* YXProbabilityRandomVC.m */ = {isa = PBXFileReference; fileEncoding = 4; lastKnownFileType = sourcecode.c.objc; path = YXProbabilityRandomVC.m; sourceTree = "<group>"; };
		845B87CA24D804F800944062 /* YXProbabilityRandomHeaderView.m */ = {isa = PBXFileReference; fileEncoding = 4; lastKnownFileType = sourcecode.c.objc; path = YXProbabilityRandomHeaderView.m; sourceTree = "<group>"; };
		845B87CC24D804F800944062 /* ViewController.h */ = {isa = PBXFileReference; fileEncoding = 4; lastKnownFileType = sourcecode.c.h; path = ViewController.h; sourceTree = "<group>"; };
		845B87CF24D804F800944062 /* YXProbabilityAllHeaderView.xib */ = {isa = PBXFileReference; fileEncoding = 4; lastKnownFileType = file.xib; path = YXProbabilityAllHeaderView.xib; sourceTree = "<group>"; };
		845B87D024D804F800944062 /* YXProbabilitySecHeaderView.m */ = {isa = PBXFileReference; fileEncoding = 4; lastKnownFileType = sourcecode.c.objc; path = YXProbabilitySecHeaderView.m; sourceTree = "<group>"; };
		845B87D124D804F800944062 /* YXProbabilityAllHeaderView.h */ = {isa = PBXFileReference; fileEncoding = 4; lastKnownFileType = sourcecode.c.h; path = YXProbabilityAllHeaderView.h; sourceTree = "<group>"; };
		845B87D224D804F800944062 /* YXProbabilitySecHeaderView.xib */ = {isa = PBXFileReference; fileEncoding = 4; lastKnownFileType = file.xib; path = YXProbabilitySecHeaderView.xib; sourceTree = "<group>"; };
		845B87D324D804F800944062 /* YXProbabilitySecHeaderView.h */ = {isa = PBXFileReference; fileEncoding = 4; lastKnownFileType = sourcecode.c.h; path = YXProbabilitySecHeaderView.h; sourceTree = "<group>"; };
		845B87D424D804F800944062 /* YXProbabilityAllHeaderView.m */ = {isa = PBXFileReference; fileEncoding = 4; lastKnownFileType = sourcecode.c.objc; path = YXProbabilityAllHeaderView.m; sourceTree = "<group>"; };
		845B87D724D804F800944062 /* YXProbabilityCollectionViewCell.xib */ = {isa = PBXFileReference; fileEncoding = 4; lastKnownFileType = file.xib; path = YXProbabilityCollectionViewCell.xib; sourceTree = "<group>"; };
		845B87D824D804F800944062 /* YXProbabilityAllListCell.h */ = {isa = PBXFileReference; fileEncoding = 4; lastKnownFileType = sourcecode.c.h; path = YXProbabilityAllListCell.h; sourceTree = "<group>"; };
		845B87D924D804F800944062 /* YXProbabilityCollectionViewCell.h */ = {isa = PBXFileReference; fileEncoding = 4; lastKnownFileType = sourcecode.c.h; path = YXProbabilityCollectionViewCell.h; sourceTree = "<group>"; };
		845B87DA24D804F800944062 /* YXProbabilityAllListCell.xib */ = {isa = PBXFileReference; fileEncoding = 4; lastKnownFileType = file.xib; path = YXProbabilityAllListCell.xib; sourceTree = "<group>"; };
		845B87DB24D804F800944062 /* YXProbabilityAllListCell.m */ = {isa = PBXFileReference; fileEncoding = 4; lastKnownFileType = sourcecode.c.objc; path = YXProbabilityAllListCell.m; sourceTree = "<group>"; };
		845B87DC24D804F800944062 /* YXProbabilityCollectionViewCell.m */ = {isa = PBXFileReference; fileEncoding = 4; lastKnownFileType = sourcecode.c.objc; path = YXProbabilityCollectionViewCell.m; sourceTree = "<group>"; };
		845B87EF24D8057500944062 /* YXProbabilityCompareVC.h */ = {isa = PBXFileReference; lastKnownFileType = sourcecode.c.h; path = YXProbabilityCompareVC.h; sourceTree = "<group>"; };
		845B87F024D8057500944062 /* YXProbabilityCompareVC.m */ = {isa = PBXFileReference; lastKnownFileType = sourcecode.c.objc; path = YXProbabilityCompareVC.m; sourceTree = "<group>"; };
		845DF71F24FE3F6800D70629 /* YXMinArrAssemblyMananger.h */ = {isa = PBXFileReference; lastKnownFileType = sourcecode.c.h; path = YXMinArrAssemblyMananger.h; sourceTree = "<group>"; };
		845DF72024FE3F6800D70629 /* YXMinArrAssemblyMananger.m */ = {isa = PBXFileReference; lastKnownFileType = sourcecode.c.objc; path = YXMinArrAssemblyMananger.m; sourceTree = "<group>"; };
		847FB869249357BF0083A71A /* YXProbabilityManager.m */ = {isa = PBXFileReference; fileEncoding = 4; lastKnownFileType = sourcecode.c.objc; path = YXProbabilityManager.m; sourceTree = "<group>"; };
		847FB86A249357BF0083A71A /* YXProbabilityManager.h */ = {isa = PBXFileReference; fileEncoding = 4; lastKnownFileType = sourcecode.c.h; path = YXProbabilityManager.h; sourceTree = "<group>"; };
		847FB8C824937E710083A71A /* YXProbabilityListModel.h */ = {isa = PBXFileReference; lastKnownFileType = sourcecode.c.h; path = YXProbabilityListModel.h; sourceTree = "<group>"; };
		847FB8C924937E710083A71A /* YXProbabilityListModel.m */ = {isa = PBXFileReference; lastKnownFileType = sourcecode.c.objc; path = YXProbabilityListModel.m; sourceTree = "<group>"; };
		847FB8CB24937F5E0083A71A /* YXProbabilityBallInfoModel.h */ = {isa = PBXFileReference; lastKnownFileType = sourcecode.c.h; path = YXProbabilityBallInfoModel.h; sourceTree = "<group>"; };
		847FB8CC24937F5E0083A71A /* YXProbabilityBallInfoModel.m */ = {isa = PBXFileReference; lastKnownFileType = sourcecode.c.objc; path = YXProbabilityBallInfoModel.m; sourceTree = "<group>"; };
		84804A5424921D99009F160F /* YXProbabilityTest.app */ = {isa = PBXFileReference; explicitFileType = wrapper.application; includeInIndex = 0; path = YXProbabilityTest.app; sourceTree = BUILT_PRODUCTS_DIR; };
		84804A5724921D99009F160F /* AppDelegate.h */ = {isa = PBXFileReference; lastKnownFileType = sourcecode.c.h; path = AppDelegate.h; sourceTree = "<group>"; };
		84804A5824921D99009F160F /* AppDelegate.m */ = {isa = PBXFileReference; lastKnownFileType = sourcecode.c.objc; path = AppDelegate.m; sourceTree = "<group>"; };
		84804A5A24921D99009F160F /* SceneDelegate.h */ = {isa = PBXFileReference; lastKnownFileType = sourcecode.c.h; path = SceneDelegate.h; sourceTree = "<group>"; };
		84804A5B24921D99009F160F /* SceneDelegate.m */ = {isa = PBXFileReference; lastKnownFileType = sourcecode.c.objc; path = SceneDelegate.m; sourceTree = "<group>"; };
		84804A6124921D99009F160F /* Base */ = {isa = PBXFileReference; lastKnownFileType = file.storyboard; name = Base; path = Base.lproj/Main.storyboard; sourceTree = "<group>"; };
		84804A6324921D9A009F160F /* Assets.xcassets */ = {isa = PBXFileReference; lastKnownFileType = folder.assetcatalog; path = Assets.xcassets; sourceTree = "<group>"; };
		84804A6624921D9A009F160F /* Base */ = {isa = PBXFileReference; lastKnownFileType = file.storyboard; name = Base; path = Base.lproj/LaunchScreen.storyboard; sourceTree = "<group>"; };
		84804A6824921D9A009F160F /* Info.plist */ = {isa = PBXFileReference; lastKnownFileType = text.plist.xml; path = Info.plist; sourceTree = "<group>"; };
		84804A6924921D9A009F160F /* main.m */ = {isa = PBXFileReference; lastKnownFileType = sourcecode.c.objc; path = main.m; sourceTree = "<group>"; };
		84804A6F24921D9A009F160F /* YXProbabilityTestTests.xctest */ = {isa = PBXFileReference; explicitFileType = wrapper.cfbundle; includeInIndex = 0; path = YXProbabilityTestTests.xctest; sourceTree = BUILT_PRODUCTS_DIR; };
		84804A7324921D9A009F160F /* YXProbabilityTestTests.m */ = {isa = PBXFileReference; lastKnownFileType = sourcecode.c.objc; path = YXProbabilityTestTests.m; sourceTree = "<group>"; };
		84804A7524921D9A009F160F /* Info.plist */ = {isa = PBXFileReference; lastKnownFileType = text.plist.xml; path = Info.plist; sourceTree = "<group>"; };
		84804A7A24921D9A009F160F /* YXProbabilityTestUITests.xctest */ = {isa = PBXFileReference; explicitFileType = wrapper.cfbundle; includeInIndex = 0; path = YXProbabilityTestUITests.xctest; sourceTree = BUILT_PRODUCTS_DIR; };
		84804A7E24921D9A009F160F /* YXProbabilityTestUITests.m */ = {isa = PBXFileReference; lastKnownFileType = sourcecode.c.objc; path = YXProbabilityTestUITests.m; sourceTree = "<group>"; };
		84804A8024921D9A009F160F /* Info.plist */ = {isa = PBXFileReference; lastKnownFileType = text.plist.xml; path = Info.plist; sourceTree = "<group>"; };
		84E6A4D224ADD665002ED2B3 /* CoreLocation.framework */ = {isa = PBXFileReference; lastKnownFileType = wrapper.framework; name = CoreLocation.framework; path = System/Library/Frameworks/CoreLocation.framework; sourceTree = SDKROOT; };
		84E6A4D424ADD66E002ED2B3 /* Security.framework */ = {isa = PBXFileReference; lastKnownFileType = wrapper.framework; name = Security.framework; path = System/Library/Frameworks/Security.framework; sourceTree = SDKROOT; };
		84E6A4D624ADD676002ED2B3 /* CoreGraphics.framework */ = {isa = PBXFileReference; lastKnownFileType = wrapper.framework; name = CoreGraphics.framework; path = System/Library/Frameworks/CoreGraphics.framework; sourceTree = SDKROOT; };
		84E6A4D824ADD67E002ED2B3 /* MobileCoreServices.framework */ = {isa = PBXFileReference; lastKnownFileType = wrapper.framework; name = MobileCoreServices.framework; path = System/Library/Frameworks/MobileCoreServices.framework; sourceTree = SDKROOT; };
		84E6A4DA24ADD686002ED2B3 /* CFNetwork.framework */ = {isa = PBXFileReference; lastKnownFileType = wrapper.framework; name = CFNetwork.framework; path = System/Library/Frameworks/CFNetwork.framework; sourceTree = SDKROOT; };
		84E6A4DC24ADD68F002ED2B3 /* CoreTelephony.framework */ = {isa = PBXFileReference; lastKnownFileType = wrapper.framework; name = CoreTelephony.framework; path = System/Library/Frameworks/CoreTelephony.framework; sourceTree = SDKROOT; };
		84E6A4DE24ADD6A2002ED2B3 /* SystemConfiguration.framework */ = {isa = PBXFileReference; lastKnownFileType = wrapper.framework; name = SystemConfiguration.framework; path = System/Library/Frameworks/SystemConfiguration.framework; sourceTree = SDKROOT; };
		84E6A4E024ADD6A9002ED2B3 /* libz.1.2.5.tbd */ = {isa = PBXFileReference; lastKnownFileType = "sourcecode.text-based-dylib-definition"; name = libz.1.2.5.tbd; path = usr/lib/libz.1.2.5.tbd; sourceTree = SDKROOT; };
		84E6A4E224ADD6B4002ED2B3 /* libicucore.tbd */ = {isa = PBXFileReference; lastKnownFileType = "sourcecode.text-based-dylib-definition"; name = libicucore.tbd; path = usr/lib/libicucore.tbd; sourceTree = SDKROOT; };
		84E6A4E424ADD6C3002ED2B3 /* libsqlite3.tbd */ = {isa = PBXFileReference; lastKnownFileType = "sourcecode.text-based-dylib-definition"; name = libsqlite3.tbd; path = usr/lib/libsqlite3.tbd; sourceTree = SDKROOT; };
		84E6A4E624ADD6CC002ED2B3 /* AVFoundation.framework */ = {isa = PBXFileReference; lastKnownFileType = wrapper.framework; name = AVFoundation.framework; path = System/Library/Frameworks/AVFoundation.framework; sourceTree = SDKROOT; };
		84E6A4E824ADD6D6002ED2B3 /* MediaPlayer.framework */ = {isa = PBXFileReference; lastKnownFileType = wrapper.framework; name = MediaPlayer.framework; path = System/Library/Frameworks/MediaPlayer.framework; sourceTree = SDKROOT; };
		F63814E3AE7E490F7F6A0D0D /* Pods-YXProbabilityTest.debug.xcconfig */ = {isa = PBXFileReference; includeInIndex = 1; lastKnownFileType = text.xcconfig; name = "Pods-YXProbabilityTest.debug.xcconfig"; path = "Target Support Files/Pods-YXProbabilityTest/Pods-YXProbabilityTest.debug.xcconfig"; sourceTree = "<group>"; };
/* End PBXFileReference section */

/* Begin PBXFrameworksBuildPhase section */
		84804A5124921D99009F160F /* Frameworks */ = {
			isa = PBXFrameworksBuildPhase;
			buildActionMask = 2147483647;
			files = (
				84E6A4E924ADD6D6002ED2B3 /* MediaPlayer.framework in Frameworks */,
				84E6A4E724ADD6CC002ED2B3 /* AVFoundation.framework in Frameworks */,
				84E6A4E524ADD6C3002ED2B3 /* libsqlite3.tbd in Frameworks */,
				84E6A4E324ADD6B4002ED2B3 /* libicucore.tbd in Frameworks */,
				84E6A4E124ADD6A9002ED2B3 /* libz.1.2.5.tbd in Frameworks */,
				84E6A4DF24ADD6A2002ED2B3 /* SystemConfiguration.framework in Frameworks */,
				84E6A4DD24ADD68F002ED2B3 /* CoreTelephony.framework in Frameworks */,
				84E6A4DB24ADD686002ED2B3 /* CFNetwork.framework in Frameworks */,
				84E6A4D724ADD676002ED2B3 /* CoreGraphics.framework in Frameworks */,
				84E6A4D524ADD66E002ED2B3 /* Security.framework in Frameworks */,
				84E6A4D324ADD665002ED2B3 /* CoreLocation.framework in Frameworks */,
				5D0F56B34C515145CE6037E6 /* libPods-YXProbabilityTest.a in Frameworks */,
			);
			runOnlyForDeploymentPostprocessing = 0;
		};
		84804A6C24921D9A009F160F /* Frameworks */ = {
			isa = PBXFrameworksBuildPhase;
			buildActionMask = 2147483647;
			files = (
			);
			runOnlyForDeploymentPostprocessing = 0;
		};
		84804A7724921D9A009F160F /* Frameworks */ = {
			isa = PBXFrameworksBuildPhase;
			buildActionMask = 2147483647;
			files = (
			);
			runOnlyForDeploymentPostprocessing = 0;
		};
/* End PBXFrameworksBuildPhase section */

/* Begin PBXGroup section */
		841518F524B2EB3900EA8B9B /* YXProbabilityRequest */ = {
			isa = PBXGroup;
			children = (
				841518FF24B2ED0B00EA8B9B /* Http */,
				841518F624B2EB3900EA8B9B /* YXProbabilityRequest.h */,
				841518F724B2EB3900EA8B9B /* YXProbabilityRequest.m */,
			);
			path = YXProbabilityRequest;
			sourceTree = "<group>";
		};
		841518FF24B2ED0B00EA8B9B /* Http */ = {
			isa = PBXGroup;
			children = (
				8415190024B2ED0B00EA8B9B /* HttpRequestManager.h */,
				8415190824B2ED0B00EA8B9B /* HttpRequestManager.m */,
			);
			path = Http;
			sourceTree = "<group>";
		};
		845B87B424D804F800944062 /* ViewController */ = {
			isa = PBXGroup;
			children = (
				845B87B524D804F800944062 /* YXProbabilityStatisticalVC */,
				845B87C524D804F800944062 /* YXProbabilityRandomVC */,
				845B87CB24D804F800944062 /* YXProbabilityCompareVC */,
				845B87CC24D804F800944062 /* ViewController.h */,
				845B87C424D804F800944062 /* ViewController.m */,
			);
			path = ViewController;
			sourceTree = "<group>";
		};
		845B87B524D804F800944062 /* YXProbabilityStatisticalVC */ = {
			isa = PBXGroup;
			children = (
				845B87B824D804F800944062 /* YXPieChartLineGraphicsView */,
				845B87BF24D804F800944062 /* YXCategoryNSObject */,
				845B87C324D804F800944062 /* YXProbabilityStatisticalVC.h */,
				845B87B724D804F800944062 /* YXProbabilityStatisticalVC.m */,
				845B87B624D804F800944062 /* YXProbabilityStatisticalHeaderView.h */,
				845B87C224D804F800944062 /* YXProbabilityStatisticalHeaderView.m */,
			);
			path = YXProbabilityStatisticalVC;
			sourceTree = "<group>";
		};
		845B87B824D804F800944062 /* YXPieChartLineGraphicsView */ = {
			isa = PBXGroup;
			children = (
				845B87BC24D804F800944062 /* YXPieChartLineGraphicsView.h */,
				845B87B924D804F800944062 /* YXPieChartLineGraphicsView.m */,
				845B87BB24D804F800944062 /* YXPieChartLineGraphicsCenterView.h */,
				845B87BD24D804F800944062 /* YXPieChartLineGraphicsCenterView.m */,
				845B87BA24D804F800944062 /* YXPieChartLineGraphicsModel.h */,
				845B87BE24D804F800944062 /* YXPieChartLineGraphicsModel.m */,
			);
			path = YXPieChartLineGraphicsView;
			sourceTree = "<group>";
		};
		845B87BF24D804F800944062 /* YXCategoryNSObject */ = {
			isa = PBXGroup;
			children = (
				845B87C024D804F800944062 /* NSObject+YXCategory.h */,
				845B87C124D804F800944062 /* NSObject+YXCategory.m */,
			);
			path = YXCategoryNSObject;
			sourceTree = "<group>";
		};
		845B87C524D804F800944062 /* YXProbabilityRandomVC */ = {
			isa = PBXGroup;
			children = (
				845B87C724D804F800944062 /* YXProbabilityRandomVC.h */,
				845B87C924D804F800944062 /* YXProbabilityRandomVC.m */,
				845B87C624D804F800944062 /* YXProbabilityRandomHeaderView.h */,
				845B87CA24D804F800944062 /* YXProbabilityRandomHeaderView.m */,
				845B87C824D804F800944062 /* YXProbabilityRandomHeaderView.xib */,
			);
			path = YXProbabilityRandomVC;
			sourceTree = "<group>";
		};
		845B87CB24D804F800944062 /* YXProbabilityCompareVC */ = {
			isa = PBXGroup;
			children = (
				845B87EF24D8057500944062 /* YXProbabilityCompareVC.h */,
				845B87F024D8057500944062 /* YXProbabilityCompareVC.m */,
			);
			path = YXProbabilityCompareVC;
			sourceTree = "<group>";
		};
		845B87CD24D804F800944062 /* View */ = {
			isa = PBXGroup;
			children = (
				845B87CE24D804F800944062 /* YXProbabilityView */,
			);
			path = View;
			sourceTree = "<group>";
		};
		845B87CE24D804F800944062 /* YXProbabilityView */ = {
			isa = PBXGroup;
			children = (
				845B87D124D804F800944062 /* YXProbabilityAllHeaderView.h */,
				845B87D424D804F800944062 /* YXProbabilityAllHeaderView.m */,
				845B87CF24D804F800944062 /* YXProbabilityAllHeaderView.xib */,
				845B87D324D804F800944062 /* YXProbabilitySecHeaderView.h */,
				845B87D024D804F800944062 /* YXProbabilitySecHeaderView.m */,
				845B87D224D804F800944062 /* YXProbabilitySecHeaderView.xib */,
			);
			path = YXProbabilityView;
			sourceTree = "<group>";
		};
		845B87D524D804F800944062 /* Cell */ = {
			isa = PBXGroup;
			children = (
				845B87D624D804F800944062 /* YXProbabilityCell */,
			);
			path = Cell;
			sourceTree = "<group>";
		};
		845B87D624D804F800944062 /* YXProbabilityCell */ = {
			isa = PBXGroup;
			children = (
				845B87D824D804F800944062 /* YXProbabilityAllListCell.h */,
				845B87DB24D804F800944062 /* YXProbabilityAllListCell.m */,
				845B87DA24D804F800944062 /* YXProbabilityAllListCell.xib */,
				845B87D924D804F800944062 /* YXProbabilityCollectionViewCell.h */,
				845B87DC24D804F800944062 /* YXProbabilityCollectionViewCell.m */,
				845B87D724D804F800944062 /* YXProbabilityCollectionViewCell.xib */,
			);
			path = YXProbabilityCell;
			sourceTree = "<group>";
		};
		847FB868249357BF0083A71A /* YXProbabilityManager */ = {
			isa = PBXGroup;
			children = (
				847FB86A249357BF0083A71A /* YXProbabilityManager.h */,
				847FB869249357BF0083A71A /* YXProbabilityManager.m */,
				847FB8C824937E710083A71A /* YXProbabilityListModel.h */,
				847FB8C924937E710083A71A /* YXProbabilityListModel.m */,
				847FB8CB24937F5E0083A71A /* YXProbabilityBallInfoModel.h */,
				847FB8CC24937F5E0083A71A /* YXProbabilityBallInfoModel.m */,
				845DF71F24FE3F6800D70629 /* YXMinArrAssemblyMananger.h */,
				845DF72024FE3F6800D70629 /* YXMinArrAssemblyMananger.m */,
			);
			path = YXProbabilityManager;
			sourceTree = "<group>";
		};
		84804A4B24921D98009F160F = {
			isa = PBXGroup;
			children = (
				84804A5624921D99009F160F /* YXProbabilityTest */,
				84804A7224921D9A009F160F /* YXProbabilityTestTests */,
				84804A7D24921D9A009F160F /* YXProbabilityTestUITests */,
				84804A5524921D99009F160F /* Products */,
				84E6A4D124ADD664002ED2B3 /* Frameworks */,
				B04207EE7D0FC1D4C26D2CA1 /* Pods */,
			);
			sourceTree = "<group>";
		};
		84804A5524921D99009F160F /* Products */ = {
			isa = PBXGroup;
			children = (
				84804A5424921D99009F160F /* YXProbabilityTest.app */,
				84804A6F24921D9A009F160F /* YXProbabilityTestTests.xctest */,
				84804A7A24921D9A009F160F /* YXProbabilityTestUITests.xctest */,
			);
			name = Products;
			sourceTree = "<group>";
		};
		84804A5624921D99009F160F /* YXProbabilityTest */ = {
			isa = PBXGroup;
			children = (
				84804A5724921D99009F160F /* AppDelegate.h */,
				84804A5824921D99009F160F /* AppDelegate.m */,
				84804A5A24921D99009F160F /* SceneDelegate.h */,
				84804A5B24921D99009F160F /* SceneDelegate.m */,
				845B87B424D804F800944062 /* ViewController */,
				845B87CD24D804F800944062 /* View */,
				845B87D524D804F800944062 /* Cell */,
				847FB868249357BF0083A71A /* YXProbabilityManager */,
				841518F524B2EB3900EA8B9B /* YXProbabilityRequest */,
				84804A6024921D99009F160F /* Main.storyboard */,
				84804A6324921D9A009F160F /* Assets.xcassets */,
				84804A6524921D9A009F160F /* LaunchScreen.storyboard */,
				84804A6824921D9A009F160F /* Info.plist */,
				84804A6924921D9A009F160F /* main.m */,
			);
			path = YXProbabilityTest;
			sourceTree = "<group>";
		};
		84804A7224921D9A009F160F /* YXProbabilityTestTests */ = {
			isa = PBXGroup;
			children = (
				84804A7324921D9A009F160F /* YXProbabilityTestTests.m */,
				84804A7524921D9A009F160F /* Info.plist */,
			);
			path = YXProbabilityTestTests;
			sourceTree = "<group>";
		};
		84804A7D24921D9A009F160F /* YXProbabilityTestUITests */ = {
			isa = PBXGroup;
			children = (
				84804A7E24921D9A009F160F /* YXProbabilityTestUITests.m */,
				84804A8024921D9A009F160F /* Info.plist */,
			);
			path = YXProbabilityTestUITests;
			sourceTree = "<group>";
		};
		84E6A4D124ADD664002ED2B3 /* Frameworks */ = {
			isa = PBXGroup;
			children = (
				84E6A4E824ADD6D6002ED2B3 /* MediaPlayer.framework */,
				84E6A4E624ADD6CC002ED2B3 /* AVFoundation.framework */,
				84E6A4E424ADD6C3002ED2B3 /* libsqlite3.tbd */,
				84E6A4E224ADD6B4002ED2B3 /* libicucore.tbd */,
				84E6A4E024ADD6A9002ED2B3 /* libz.1.2.5.tbd */,
				84E6A4DE24ADD6A2002ED2B3 /* SystemConfiguration.framework */,
				84E6A4DC24ADD68F002ED2B3 /* CoreTelephony.framework */,
				84E6A4DA24ADD686002ED2B3 /* CFNetwork.framework */,
				84E6A4D824ADD67E002ED2B3 /* MobileCoreServices.framework */,
				84E6A4D624ADD676002ED2B3 /* CoreGraphics.framework */,
				84E6A4D424ADD66E002ED2B3 /* Security.framework */,
				84E6A4D224ADD665002ED2B3 /* CoreLocation.framework */,
				1C863F9893EE76AD606A8AC9 /* libPods-YXProbabilityTest.a */,
			);
			name = Frameworks;
			sourceTree = "<group>";
		};
		B04207EE7D0FC1D4C26D2CA1 /* Pods */ = {
			isa = PBXGroup;
			children = (
				F63814E3AE7E490F7F6A0D0D /* Pods-YXProbabilityTest.debug.xcconfig */,
				58D2DE346F9B4E0605237F25 /* Pods-YXProbabilityTest.release.xcconfig */,
			);
			path = Pods;
			sourceTree = "<group>";
		};
/* End PBXGroup section */

/* Begin PBXNativeTarget section */
		84804A5324921D99009F160F /* YXProbabilityTest */ = {
			isa = PBXNativeTarget;
			buildConfigurationList = 84804A8324921D9A009F160F /* Build configuration list for PBXNativeTarget "YXProbabilityTest" */;
			buildPhases = (
				931EAAEFF931326464E37606 /* [CP] Check Pods Manifest.lock */,
				84804A5024921D99009F160F /* Sources */,
				84804A5124921D99009F160F /* Frameworks */,
				84804A5224921D99009F160F /* Resources */,
				578FCDCE473F9DACED523538 /* [CP] Copy Pods Resources */,
			);
			buildRules = (
			);
			dependencies = (
			);
			name = YXProbabilityTest;
			productName = YXProbabilityTest;
			productReference = 84804A5424921D99009F160F /* YXProbabilityTest.app */;
			productType = "com.apple.product-type.application";
		};
		84804A6E24921D9A009F160F /* YXProbabilityTestTests */ = {
			isa = PBXNativeTarget;
			buildConfigurationList = 84804A8624921D9A009F160F /* Build configuration list for PBXNativeTarget "YXProbabilityTestTests" */;
			buildPhases = (
				84804A6B24921D9A009F160F /* Sources */,
				84804A6C24921D9A009F160F /* Frameworks */,
				84804A6D24921D9A009F160F /* Resources */,
			);
			buildRules = (
			);
			dependencies = (
				84804A7124921D9A009F160F /* PBXTargetDependency */,
			);
			name = YXProbabilityTestTests;
			productName = YXProbabilityTestTests;
			productReference = 84804A6F24921D9A009F160F /* YXProbabilityTestTests.xctest */;
			productType = "com.apple.product-type.bundle.unit-test";
		};
		84804A7924921D9A009F160F /* YXProbabilityTestUITests */ = {
			isa = PBXNativeTarget;
			buildConfigurationList = 84804A8924921D9A009F160F /* Build configuration list for PBXNativeTarget "YXProbabilityTestUITests" */;
			buildPhases = (
				84804A7624921D9A009F160F /* Sources */,
				84804A7724921D9A009F160F /* Frameworks */,
				84804A7824921D9A009F160F /* Resources */,
			);
			buildRules = (
			);
			dependencies = (
				84804A7C24921D9A009F160F /* PBXTargetDependency */,
			);
			name = YXProbabilityTestUITests;
			productName = YXProbabilityTestUITests;
			productReference = 84804A7A24921D9A009F160F /* YXProbabilityTestUITests.xctest */;
			productType = "com.apple.product-type.bundle.ui-testing";
		};
/* End PBXNativeTarget section */

/* Begin PBXProject section */
		84804A4C24921D98009F160F /* Project object */ = {
			isa = PBXProject;
			attributes = {
				LastUpgradeCheck = 1120;
				ORGANIZATIONNAME = August;
				TargetAttributes = {
					84804A5324921D99009F160F = {
						CreatedOnToolsVersion = 11.2.1;
					};
					84804A6E24921D9A009F160F = {
						CreatedOnToolsVersion = 11.2.1;
						TestTargetID = 84804A5324921D99009F160F;
					};
					84804A7924921D9A009F160F = {
						CreatedOnToolsVersion = 11.2.1;
						TestTargetID = 84804A5324921D99009F160F;
					};
				};
			};
			buildConfigurationList = 84804A4F24921D98009F160F /* Build configuration list for PBXProject "YXProbabilityTest" */;
			compatibilityVersion = "Xcode 9.3";
			developmentRegion = en;
			hasScannedForEncodings = 0;
			knownRegions = (
				en,
				Base,
			);
			mainGroup = 84804A4B24921D98009F160F;
			productRefGroup = 84804A5524921D99009F160F /* Products */;
			projectDirPath = "";
			projectRoot = "";
			targets = (
				84804A5324921D99009F160F /* YXProbabilityTest */,
				84804A6E24921D9A009F160F /* YXProbabilityTestTests */,
				84804A7924921D9A009F160F /* YXProbabilityTestUITests */,
			);
		};
/* End PBXProject section */

/* Begin PBXResourcesBuildPhase section */
		84804A5224921D99009F160F /* Resources */ = {
			isa = PBXResourcesBuildPhase;
			buildActionMask = 2147483647;
			files = (
				845B87E724D804F800944062 /* YXProbabilityAllHeaderView.xib in Resources */,
				84804A6724921D9A009F160F /* LaunchScreen.storyboard in Resources */,
				845B87E924D804F800944062 /* YXProbabilitySecHeaderView.xib in Resources */,
				84804A6424921D9A009F160F /* Assets.xcassets in Resources */,
				845B87EC24D804F800944062 /* YXProbabilityAllListCell.xib in Resources */,
				84804A6224921D99009F160F /* Main.storyboard in Resources */,
				845B87EB24D804F800944062 /* YXProbabilityCollectionViewCell.xib in Resources */,
				845B87E424D804F800944062 /* YXProbabilityRandomHeaderView.xib in Resources */,
			);
			runOnlyForDeploymentPostprocessing = 0;
		};
		84804A6D24921D9A009F160F /* Resources */ = {
			isa = PBXResourcesBuildPhase;
			buildActionMask = 2147483647;
			files = (
			);
			runOnlyForDeploymentPostprocessing = 0;
		};
		84804A7824921D9A009F160F /* Resources */ = {
			isa = PBXResourcesBuildPhase;
			buildActionMask = 2147483647;
			files = (
			);
			runOnlyForDeploymentPostprocessing = 0;
		};
/* End PBXResourcesBuildPhase section */

/* Begin PBXShellScriptBuildPhase section */
		578FCDCE473F9DACED523538 /* [CP] Copy Pods Resources */ = {
			isa = PBXShellScriptBuildPhase;
			buildActionMask = 2147483647;
			files = (
			);
			inputFileListPaths = (
				"${PODS_ROOT}/Target Support Files/Pods-YXProbabilityTest/Pods-YXProbabilityTest-resources-${CONFIGURATION}-input-files.xcfilelist",
			);
			name = "[CP] Copy Pods Resources";
			outputFileListPaths = (
				"${PODS_ROOT}/Target Support Files/Pods-YXProbabilityTest/Pods-YXProbabilityTest-resources-${CONFIGURATION}-output-files.xcfilelist",
			);
			runOnlyForDeploymentPostprocessing = 0;
			shellPath = /bin/sh;
			shellScript = "\"${PODS_ROOT}/Target Support Files/Pods-YXProbabilityTest/Pods-YXProbabilityTest-resources.sh\"\n";
			showEnvVarsInLog = 0;
		};
		931EAAEFF931326464E37606 /* [CP] Check Pods Manifest.lock */ = {
			isa = PBXShellScriptBuildPhase;
			buildActionMask = 2147483647;
			files = (
			);
			inputFileListPaths = (
			);
			inputPaths = (
				"${PODS_PODFILE_DIR_PATH}/Podfile.lock",
				"${PODS_ROOT}/Manifest.lock",
			);
			name = "[CP] Check Pods Manifest.lock";
			outputFileListPaths = (
			);
			outputPaths = (
				"$(DERIVED_FILE_DIR)/Pods-YXProbabilityTest-checkManifestLockResult.txt",
			);
			runOnlyForDeploymentPostprocessing = 0;
			shellPath = /bin/sh;
			shellScript = "diff \"${PODS_PODFILE_DIR_PATH}/Podfile.lock\" \"${PODS_ROOT}/Manifest.lock\" > /dev/null\nif [ $? != 0 ] ; then\n    # print error to STDERR\n    echo \"error: The sandbox is not in sync with the Podfile.lock. Run 'pod install' or update your CocoaPods installation.\" >&2\n    exit 1\nfi\n# This output is used by Xcode 'outputs' to avoid re-running this script phase.\necho \"SUCCESS\" > \"${SCRIPT_OUTPUT_FILE_0}\"\n";
			showEnvVarsInLog = 0;
		};
/* End PBXShellScriptBuildPhase section */

/* Begin PBXSourcesBuildPhase section */
		84804A5024921D99009F160F /* Sources */ = {
			isa = PBXSourcesBuildPhase;
			buildActionMask = 2147483647;
			files = (
				845DF72124FE3F6800D70629 /* YXMinArrAssemblyMananger.m in Sources */,
				8415190C24B2ED0B00EA8B9B /* HttpRequestManager.m in Sources */,
				845B87F124D8057500944062 /* YXProbabilityCompareVC.m in Sources */,
				845B87DD24D804F800944062 /* YXProbabilityStatisticalVC.m in Sources */,
				845B87DF24D804F800944062 /* YXPieChartLineGraphicsCenterView.m in Sources */,
				845B87DE24D804F800944062 /* YXPieChartLineGraphicsView.m in Sources */,
				847FB86D249357C00083A71A /* YXProbabilityManager.m in Sources */,
				847FB8CA24937E710083A71A /* YXProbabilityListModel.m in Sources */,
				84804A5924921D99009F160F /* AppDelegate.m in Sources */,
				845B87E024D804F800944062 /* YXPieChartLineGraphicsModel.m in Sources */,
				845B87ED24D804F800944062 /* YXProbabilityAllListCell.m in Sources */,
				845B87E824D804F800944062 /* YXProbabilitySecHeaderView.m in Sources */,
				841518F824B2EB3900EA8B9B /* YXProbabilityRequest.m in Sources */,
				845B87EE24D804F800944062 /* YXProbabilityCollectionViewCell.m in Sources */,
				845B87E324D804F800944062 /* ViewController.m in Sources */,
				84804A6A24921D9A009F160F /* main.m in Sources */,
				84804A5C24921D99009F160F /* SceneDelegate.m in Sources */,
				845B87EA24D804F800944062 /* YXProbabilityAllHeaderView.m in Sources */,
				845B87E124D804F800944062 /* NSObject+YXCategory.m in Sources */,
				845B87E624D804F800944062 /* YXProbabilityRandomHeaderView.m in Sources */,
				845B87E224D804F800944062 /* YXProbabilityStatisticalHeaderView.m in Sources */,
				845B87E524D804F800944062 /* YXProbabilityRandomVC.m in Sources */,
				847FB8CD24937F5E0083A71A /* YXProbabilityBallInfoModel.m in Sources */,
			);
			runOnlyForDeploymentPostprocessing = 0;
		};
		84804A6B24921D9A009F160F /* Sources */ = {
			isa = PBXSourcesBuildPhase;
			buildActionMask = 2147483647;
			files = (
				84804A7424921D9A009F160F /* YXProbabilityTestTests.m in Sources */,
			);
			runOnlyForDeploymentPostprocessing = 0;
		};
		84804A7624921D9A009F160F /* Sources */ = {
			isa = PBXSourcesBuildPhase;
			buildActionMask = 2147483647;
			files = (
				84804A7F24921D9A009F160F /* YXProbabilityTestUITests.m in Sources */,
			);
			runOnlyForDeploymentPostprocessing = 0;
		};
/* End PBXSourcesBuildPhase section */

/* Begin PBXTargetDependency section */
		84804A7124921D9A009F160F /* PBXTargetDependency */ = {
			isa = PBXTargetDependency;
			target = 84804A5324921D99009F160F /* YXProbabilityTest */;
			targetProxy = 84804A7024921D9A009F160F /* PBXContainerItemProxy */;
		};
		84804A7C24921D9A009F160F /* PBXTargetDependency */ = {
			isa = PBXTargetDependency;
			target = 84804A5324921D99009F160F /* YXProbabilityTest */;
			targetProxy = 84804A7B24921D9A009F160F /* PBXContainerItemProxy */;
		};
/* End PBXTargetDependency section */

/* Begin PBXVariantGroup section */
		84804A6024921D99009F160F /* Main.storyboard */ = {
			isa = PBXVariantGroup;
			children = (
				84804A6124921D99009F160F /* Base */,
			);
			name = Main.storyboard;
			sourceTree = "<group>";
		};
		84804A6524921D9A009F160F /* LaunchScreen.storyboard */ = {
			isa = PBXVariantGroup;
			children = (
				84804A6624921D9A009F160F /* Base */,
			);
			name = LaunchScreen.storyboard;
			sourceTree = "<group>";
		};
/* End PBXVariantGroup section */

/* Begin XCBuildConfiguration section */
		84804A8124921D9A009F160F /* Debug */ = {
			isa = XCBuildConfiguration;
			buildSettings = {
				ALWAYS_SEARCH_USER_PATHS = NO;
				CLANG_ANALYZER_NONNULL = YES;
				CLANG_ANALYZER_NUMBER_OBJECT_CONVERSION = YES_AGGRESSIVE;
				CLANG_CXX_LANGUAGE_STANDARD = "gnu++14";
				CLANG_CXX_LIBRARY = "libc++";
				CLANG_ENABLE_MODULES = YES;
				CLANG_ENABLE_OBJC_ARC = YES;
				CLANG_ENABLE_OBJC_WEAK = YES;
				CLANG_WARN_BLOCK_CAPTURE_AUTORELEASING = YES;
				CLANG_WARN_BOOL_CONVERSION = YES;
				CLANG_WARN_COMMA = YES;
				CLANG_WARN_CONSTANT_CONVERSION = YES;
				CLANG_WARN_DEPRECATED_OBJC_IMPLEMENTATIONS = YES;
				CLANG_WARN_DIRECT_OBJC_ISA_USAGE = YES_ERROR;
				CLANG_WARN_DOCUMENTATION_COMMENTS = YES;
				CLANG_WARN_EMPTY_BODY = YES;
				CLANG_WARN_ENUM_CONVERSION = YES;
				CLANG_WARN_INFINITE_RECURSION = YES;
				CLANG_WARN_INT_CONVERSION = YES;
				CLANG_WARN_NON_LITERAL_NULL_CONVERSION = YES;
				CLANG_WARN_OBJC_IMPLICIT_RETAIN_SELF = YES;
				CLANG_WARN_OBJC_LITERAL_CONVERSION = YES;
				CLANG_WARN_OBJC_ROOT_CLASS = YES_ERROR;
				CLANG_WARN_RANGE_LOOP_ANALYSIS = YES;
				CLANG_WARN_STRICT_PROTOTYPES = YES;
				CLANG_WARN_SUSPICIOUS_MOVE = YES;
				CLANG_WARN_UNGUARDED_AVAILABILITY = YES_AGGRESSIVE;
				CLANG_WARN_UNREACHABLE_CODE = YES;
				CLANG_WARN__DUPLICATE_METHOD_MATCH = YES;
				COPY_PHASE_STRIP = NO;
				DEBUG_INFORMATION_FORMAT = dwarf;
				ENABLE_STRICT_OBJC_MSGSEND = YES;
				ENABLE_TESTABILITY = YES;
				GCC_C_LANGUAGE_STANDARD = gnu11;
				GCC_DYNAMIC_NO_PIC = NO;
				GCC_NO_COMMON_BLOCKS = YES;
				GCC_OPTIMIZATION_LEVEL = 0;
				GCC_PREPROCESSOR_DEFINITIONS = (
					"DEBUG=1",
					"$(inherited)",
				);
				GCC_WARN_64_TO_32_BIT_CONVERSION = YES;
				GCC_WARN_ABOUT_RETURN_TYPE = YES_ERROR;
				GCC_WARN_UNDECLARED_SELECTOR = YES;
				GCC_WARN_UNINITIALIZED_AUTOS = YES_AGGRESSIVE;
				GCC_WARN_UNUSED_FUNCTION = YES;
				GCC_WARN_UNUSED_VARIABLE = YES;
				IPHONEOS_DEPLOYMENT_TARGET = 10.0;
				MTL_ENABLE_DEBUG_INFO = INCLUDE_SOURCE;
				MTL_FAST_MATH = YES;
				ONLY_ACTIVE_ARCH = YES;
				SDKROOT = iphoneos;
			};
			name = Debug;
		};
		84804A8224921D9A009F160F /* Release */ = {
			isa = XCBuildConfiguration;
			buildSettings = {
				ALWAYS_SEARCH_USER_PATHS = NO;
				CLANG_ANALYZER_NONNULL = YES;
				CLANG_ANALYZER_NUMBER_OBJECT_CONVERSION = YES_AGGRESSIVE;
				CLANG_CXX_LANGUAGE_STANDARD = "gnu++14";
				CLANG_CXX_LIBRARY = "libc++";
				CLANG_ENABLE_MODULES = YES;
				CLANG_ENABLE_OBJC_ARC = YES;
				CLANG_ENABLE_OBJC_WEAK = YES;
				CLANG_WARN_BLOCK_CAPTURE_AUTORELEASING = YES;
				CLANG_WARN_BOOL_CONVERSION = YES;
				CLANG_WARN_COMMA = YES;
				CLANG_WARN_CONSTANT_CONVERSION = YES;
				CLANG_WARN_DEPRECATED_OBJC_IMPLEMENTATIONS = YES;
				CLANG_WARN_DIRECT_OBJC_ISA_USAGE = YES_ERROR;
				CLANG_WARN_DOCUMENTATION_COMMENTS = YES;
				CLANG_WARN_EMPTY_BODY = YES;
				CLANG_WARN_ENUM_CONVERSION = YES;
				CLANG_WARN_INFINITE_RECURSION = YES;
				CLANG_WARN_INT_CONVERSION = YES;
				CLANG_WARN_NON_LITERAL_NULL_CONVERSION = YES;
				CLANG_WARN_OBJC_IMPLICIT_RETAIN_SELF = YES;
				CLANG_WARN_OBJC_LITERAL_CONVERSION = YES;
				CLANG_WARN_OBJC_ROOT_CLASS = YES_ERROR;
				CLANG_WARN_RANGE_LOOP_ANALYSIS = YES;
				CLANG_WARN_STRICT_PROTOTYPES = YES;
				CLANG_WARN_SUSPICIOUS_MOVE = YES;
				CLANG_WARN_UNGUARDED_AVAILABILITY = YES_AGGRESSIVE;
				CLANG_WARN_UNREACHABLE_CODE = YES;
				CLANG_WARN__DUPLICATE_METHOD_MATCH = YES;
				COPY_PHASE_STRIP = NO;
				DEBUG_INFORMATION_FORMAT = "dwarf-with-dsym";
				ENABLE_NS_ASSERTIONS = NO;
				ENABLE_STRICT_OBJC_MSGSEND = YES;
				GCC_C_LANGUAGE_STANDARD = gnu11;
				GCC_NO_COMMON_BLOCKS = YES;
				GCC_WARN_64_TO_32_BIT_CONVERSION = YES;
				GCC_WARN_ABOUT_RETURN_TYPE = YES_ERROR;
				GCC_WARN_UNDECLARED_SELECTOR = YES;
				GCC_WARN_UNINITIALIZED_AUTOS = YES_AGGRESSIVE;
				GCC_WARN_UNUSED_FUNCTION = YES;
				GCC_WARN_UNUSED_VARIABLE = YES;
				IPHONEOS_DEPLOYMENT_TARGET = 10.0;
				MTL_ENABLE_DEBUG_INFO = NO;
				MTL_FAST_MATH = YES;
				SDKROOT = iphoneos;
				VALIDATE_PRODUCT = YES;
			};
			name = Release;
		};
		84804A8424921D9A009F160F /* Debug */ = {
			isa = XCBuildConfiguration;
			baseConfigurationReference = F63814E3AE7E490F7F6A0D0D /* Pods-YXProbabilityTest.debug.xcconfig */;
			buildSettings = {
				ASSETCATALOG_COMPILER_APPICON_NAME = AppIcon;
				CODE_SIGN_STYLE = Automatic;
				DEVELOPMENT_TEAM = 2HSQ24Z864;
				ENABLE_BITCODE = NO;
				FRAMEWORK_SEARCH_PATHS = (
					"$(inherited)",
					"$(PROJECT_DIR)/YXProbabilityTest",
				);
				INFOPLIST_FILE = YXProbabilityTest/Info.plist;
				IPHONEOS_DEPLOYMENT_TARGET = 10.0;
				LD_RUNPATH_SEARCH_PATHS = (
					"$(inherited)",
					"@executable_path/Frameworks",
				);
				PRODUCT_BUNDLE_IDENTIFIER = com.yhx.YXProbabilityTest;
				PRODUCT_NAME = "$(TARGET_NAME)";
				TARGETED_DEVICE_FAMILY = 1;
			};
			name = Debug;
		};
		84804A8524921D9A009F160F /* Release */ = {
			isa = XCBuildConfiguration;
			baseConfigurationReference = 58D2DE346F9B4E0605237F25 /* Pods-YXProbabilityTest.release.xcconfig */;
			buildSettings = {
				ASSETCATALOG_COMPILER_APPICON_NAME = AppIcon;
				CODE_SIGN_STYLE = Automatic;
				DEVELOPMENT_TEAM = 2HSQ24Z864;
				ENABLE_BITCODE = NO;
				FRAMEWORK_SEARCH_PATHS = (
					"$(inherited)",
					"$(PROJECT_DIR)/YXProbabilityTest",
				);
				INFOPLIST_FILE = YXProbabilityTest/Info.plist;
				IPHONEOS_DEPLOYMENT_TARGET = 10.0;
				LD_RUNPATH_SEARCH_PATHS = (
					"$(inherited)",
					"@executable_path/Frameworks",
				);
				PRODUCT_BUNDLE_IDENTIFIER = com.yhx.YXProbabilityTest;
				PRODUCT_NAME = "$(TARGET_NAME)";
				TARGETED_DEVICE_FAMILY = 1;
			};
			name = Release;
		};
		84804A8724921D9A009F160F /* Debug */ = {
			isa = XCBuildConfiguration;
			buildSettings = {
				BUNDLE_LOADER = "$(TEST_HOST)";
				CODE_SIGN_STYLE = Automatic;
				INFOPLIST_FILE = YXProbabilityTestTests/Info.plist;
				IPHONEOS_DEPLOYMENT_TARGET = 13.2;
				LD_RUNPATH_SEARCH_PATHS = (
					"$(inherited)",
					"@executable_path/Frameworks",
					"@loader_path/Frameworks",
				);
				PRODUCT_BUNDLE_IDENTIFIER = com.yhx.YXProbabilityTestTests;
				PRODUCT_NAME = "$(TARGET_NAME)";
				TARGETED_DEVICE_FAMILY = "1,2";
				TEST_HOST = "$(BUILT_PRODUCTS_DIR)/YXProbabilityTest.app/YXProbabilityTest";
			};
			name = Debug;
		};
		84804A8824921D9A009F160F /* Release */ = {
			isa = XCBuildConfiguration;
			buildSettings = {
				BUNDLE_LOADER = "$(TEST_HOST)";
				CODE_SIGN_STYLE = Automatic;
				INFOPLIST_FILE = YXProbabilityTestTests/Info.plist;
				IPHONEOS_DEPLOYMENT_TARGET = 13.2;
				LD_RUNPATH_SEARCH_PATHS = (
					"$(inherited)",
					"@executable_path/Frameworks",
					"@loader_path/Frameworks",
				);
				PRODUCT_BUNDLE_IDENTIFIER = com.yhx.YXProbabilityTestTests;
				PRODUCT_NAME = "$(TARGET_NAME)";
				TARGETED_DEVICE_FAMILY = "1,2";
				TEST_HOST = "$(BUILT_PRODUCTS_DIR)/YXProbabilityTest.app/YXProbabilityTest";
			};
			name = Release;
		};
		84804A8A24921D9A009F160F /* Debug */ = {
			isa = XCBuildConfiguration;
			buildSettings = {
				CODE_SIGN_STYLE = Automatic;
				INFOPLIST_FILE = YXProbabilityTestUITests/Info.plist;
				LD_RUNPATH_SEARCH_PATHS = (
					"$(inherited)",
					"@executable_path/Frameworks",
					"@loader_path/Frameworks",
				);
				PRODUCT_BUNDLE_IDENTIFIER = com.yhx.YXProbabilityTestUITests;
				PRODUCT_NAME = "$(TARGET_NAME)";
				TARGETED_DEVICE_FAMILY = "1,2";
				TEST_TARGET_NAME = YXProbabilityTest;
			};
			name = Debug;
		};
		84804A8B24921D9A009F160F /* Release */ = {
			isa = XCBuildConfiguration;
			buildSettings = {
				CODE_SIGN_STYLE = Automatic;
				INFOPLIST_FILE = YXProbabilityTestUITests/Info.plist;
				LD_RUNPATH_SEARCH_PATHS = (
					"$(inherited)",
					"@executable_path/Frameworks",
					"@loader_path/Frameworks",
				);
				PRODUCT_BUNDLE_IDENTIFIER = com.yhx.YXProbabilityTestUITests;
				PRODUCT_NAME = "$(TARGET_NAME)";
				TARGETED_DEVICE_FAMILY = "1,2";
				TEST_TARGET_NAME = YXProbabilityTest;
			};
			name = Release;
		};
/* End XCBuildConfiguration section */

/* Begin XCConfigurationList section */
		84804A4F24921D98009F160F /* Build configuration list for PBXProject "YXProbabilityTest" */ = {
			isa = XCConfigurationList;
			buildConfigurations = (
				84804A8124921D9A009F160F /* Debug */,
				84804A8224921D9A009F160F /* Release */,
			);
			defaultConfigurationIsVisible = 0;
			defaultConfigurationName = Release;
		};
		84804A8324921D9A009F160F /* Build configuration list for PBXNativeTarget "YXProbabilityTest" */ = {
			isa = XCConfigurationList;
			buildConfigurations = (
				84804A8424921D9A009F160F /* Debug */,
				84804A8524921D9A009F160F /* Release */,
			);
			defaultConfigurationIsVisible = 0;
			defaultConfigurationName = Release;
		};
		84804A8624921D9A009F160F /* Build configuration list for PBXNativeTarget "YXProbabilityTestTests" */ = {
			isa = XCConfigurationList;
			buildConfigurations = (
				84804A8724921D9A009F160F /* Debug */,
				84804A8824921D9A009F160F /* Release */,
			);
			defaultConfigurationIsVisible = 0;
			defaultConfigurationName = Release;
		};
		84804A8924921D9A009F160F /* Build configuration list for PBXNativeTarget "YXProbabilityTestUITests" */ = {
			isa = XCConfigurationList;
			buildConfigurations = (
				84804A8A24921D9A009F160F /* Debug */,
				84804A8B24921D9A009F160F /* Release */,
			);
			defaultConfigurationIsVisible = 0;
			defaultConfigurationName = Release;
		};
/* End XCConfigurationList section */
	};
	rootObject = 84804A4C24921D98009F160F /* Project object */;
}
